# This file is automatically @generated by Poetry 1.4.2 and should not be changed by hand.

[[package]]
name = "pyswip"
version = "0.2.10"
description = "PySwip enables querying SWI-Prolog in your Python programs."
category = "main"
optional = false
python-versions = "*"
files = [
    {file = "pyswip-0.2.10-py2.py3-none-any.whl", hash = "sha256:7abc3009f8badc7d0c23d72422960e9f229059a731430c9acd7e9a718cbd2832"},
    {file = "pyswip-0.2.10.tar.gz", hash = "sha256:7698584ddf73d051d22d5fed728b9e89bb444a9d384d48c9f5e6fd7060bbdb9f"},
]

[metadata]
lock-version = "2.0"
python-versions = "^3.11"
content-hash = "82402a4db4c5521008a75cd9c8f7c8d7e70482383b5810191aa4751b5b9e8bf0"
